
Microsoft Visual Studio Solution File, Format Version 12.00
# Visual Studio 15
VisualStudioVersion = 15.0.27703.2026
MinimumVisualStudioVersion = 10.0.40219.1
Project("{FAE04EC0-301F-11D3-BF4B-00C04F79EFBC}") = "Andersoft.PackageScanner", "src\Andersoft.PackageScanner\Andersoft.PackageScanner.csproj", "{FD4C4E22-23BB-473C-9BC1-D6C17BD6D65D}"
EndProject
Global
	GlobalSection(SolutionConfigurationPlatforms) = preSolution
		Debug|Any CPU = Debug|Any CPU
		Release|Any CPU = Release|Any CPU
	EndGlobalSection
	GlobalSection(ProjectConfigurationPlatforms) = postSolution
		{FD4C4E22-23BB-473C-9BC1-D6C17BD6D65D}.Debug|Any CPU.ActiveCfg = Debug|Any CPU
		{FD4C4E22-23BB-473C-9BC1-D6C17BD6D65D}.Debug|Any CPU.Build.0 = Debug|Any CPU
		{FD4C4E22-23BB-473C-9BC1-D6C17BD6D65D}.Release|Any CPU.ActiveCfg = Release|Any CPU
		{FD4C4E22-23BB-473C-9BC1-D6C17BD6D65D}.Release|Any CPU.Build.0 = Release|Any CPU
	EndGlobalSection
	GlobalSection(SolutionProperties) = preSolution
		HideSolutionNode = FALSE
	EndGlobalSection
	GlobalSection(ExtensibilityGlobals) = postSolution
		SolutionGuid = {ECA11A2D-A06F-4D28-B5FF-739E54FBFDDC}
	EndGlobalSection
EndGlobal
